// !$*UTF8*$!
{
	archiveVersion = 1;
	classes = {
	};
	objectVersion = 46;
	objects = {

/* Begin PBXBuildFile section */
		CF1AFB141E55A203003B1399 /* index.jpeg in Resources */ = {isa = PBXBuildFile; fileRef = CF1AFB081E55A203003B1399 /* index.jpeg */; };
		CF1AFB151E55A203003B1399 /* index1.jpeg in Resources */ = {isa = PBXBuildFile; fileRef = CF1AFB091E55A203003B1399 /* index1.jpeg */; };
		CF1AFB161E55A203003B1399 /* index10.jpeg in Resources */ = {isa = PBXBuildFile; fileRef = CF1AFB0A1E55A203003B1399 /* index10.jpeg */; };
		CF1AFB171E55A203003B1399 /* index11.jpeg in Resources */ = {isa = PBXBuildFile; fileRef = CF1AFB0B1E55A203003B1399 /* index11.jpeg */; };
		CF1AFB181E55A203003B1399 /* index2.jpeg in Resources */ = {isa = PBXBuildFile; fileRef = CF1AFB0C1E55A203003B1399 /* index2.jpeg */; };
		CF1AFB191E55A203003B1399 /* index3.jpeg in Resources */ = {isa = PBXBuildFile; fileRef = CF1AFB0D1E55A203003B1399 /* index3.jpeg */; };
		CF1AFB1A1E55A203003B1399 /* index4.jpeg in Resources */ = {isa = PBXBuildFile; fileRef = CF1AFB0E1E55A203003B1399 /* index4.jpeg */; };
		CF1AFB1B1E55A203003B1399 /* index5.jpeg in Resources */ = {isa = PBXBuildFile; fileRef = CF1AFB0F1E55A203003B1399 /* index5.jpeg */; };
		CF1AFB1C1E55A203003B1399 /* index6.jpeg in Resources */ = {isa = PBXBuildFile; fileRef = CF1AFB101E55A203003B1399 /* index6.jpeg */; };
		CF1AFB1D1E55A203003B1399 /* index7.jpeg in Resources */ = {isa = PBXBuildFile; fileRef = CF1AFB111E55A203003B1399 /* index7.jpeg */; };
		CF1AFB1E1E55A203003B1399 /* index8.jpeg in Resources */ = {isa = PBXBuildFile; fileRef = CF1AFB121E55A203003B1399 /* index8.jpeg */; };
		CF1AFB1F1E55A203003B1399 /* index9.jpeg in Resources */ = {isa = PBXBuildFile; fileRef = CF1AFB131E55A203003B1399 /* index9.jpeg */; };
		CF3B8B571E54268D00FCB22B /* main.m in Sources */ = {isa = PBXBuildFile; fileRef = CF3B8B561E54268D00FCB22B /* main.m */; };
		CF3B8B5A1E54268D00FCB22B /* AppDelegate.m in Sources */ = {isa = PBXBuildFile; fileRef = CF3B8B591E54268D00FCB22B /* AppDelegate.m */; };
		CF3B8B5D1E54268D00FCB22B /* ViewController.m in Sources */ = {isa = PBXBuildFile; fileRef = CF3B8B5C1E54268D00FCB22B /* ViewController.m */; };
		CF3B8B601E54268E00FCB22B /* Main.storyboard in Resources */ = {isa = PBXBuildFile; fileRef = CF3B8B5E1E54268E00FCB22B /* Main.storyboard */; };
		CF3B8B621E54268E00FCB22B /* Assets.xcassets in Resources */ = {isa = PBXBuildFile; fileRef = CF3B8B611E54268E00FCB22B /* Assets.xcassets */; };
		CF3B8B651E54268E00FCB22B /* LaunchScreen.storyboard in Resources */ = {isa = PBXBuildFile; fileRef = CF3B8B631E54268E00FCB22B /* LaunchScreen.storyboard */; };
		CF3B8B6E1E542B0B00FCB22B /* BulletView.m in Sources */ = {isa = PBXBuildFile; fileRef = CF3B8B6D1E542B0B00FCB22B /* BulletView.m */; };
		CF3B8B711E542B3300FCB22B /* BulletManager.m in Sources */ = {isa = PBXBuildFile; fileRef = CF3B8B701E542B3300FCB22B /* BulletManager.m */; };
/* End PBXBuildFile section */

/* Begin PBXFileReference section */
		CF1AFB081E55A203003B1399 /* index.jpeg */ = {isa = PBXFileReference; lastKnownFileType = image.jpeg; path = index.jpeg; sourceTree = "<group>"; };
		CF1AFB091E55A203003B1399 /* index1.jpeg */ = {isa = PBXFileReference; lastKnownFileType = image.jpeg; path = index1.jpeg; sourceTree = "<group>"; };
		CF1AFB0A1E55A203003B1399 /* index10.jpeg */ = {isa = PBXFileReference; lastKnownFileType = image.jpeg; path = index10.jpeg; sourceTree = "<group>"; };
		CF1AFB0B1E55A203003B1399 /* index11.jpeg */ = {isa = PBXFileReference; lastKnownFileType = image.jpeg; path = index11.jpeg; sourceTree = "<group>"; };
		CF1AFB0C1E55A203003B1399 /* index2.jpeg */ = {isa = PBXFileReference; lastKnownFileType = image.jpeg; path = index2.jpeg; sourceTree = "<group>"; };
		CF1AFB0D1E55A203003B1399 /* index3.jpeg */ = {isa = PBXFileReference; lastKnownFileType = image.jpeg; path = index3.jpeg; sourceTree = "<group>"; };
		CF1AFB0E1E55A203003B1399 /* index4.jpeg */ = {isa = PBXFileReference; lastKnownFileType = image.jpeg; path = index4.jpeg; sourceTree = "<group>"; };
		CF1AFB0F1E55A203003B1399 /* index5.jpeg */ = {isa = PBXFileReference; lastKnownFileType = image.jpeg; path = index5.jpeg; sourceTree = "<group>"; };
		CF1AFB101E55A203003B1399 /* index6.jpeg */ = {isa = PBXFileReference; lastKnownFileType = image.jpeg; path = index6.jpeg; sourceTree = "<group>"; };
		CF1AFB111E55A203003B1399 /* index7.jpeg */ = {isa = PBXFileReference; lastKnownFileType = image.jpeg; path = index7.jpeg; sourceTree = "<group>"; };
		CF1AFB121E55A203003B1399 /* index8.jpeg */ = {isa = PBXFileReference; lastKnownFileType = image.jpeg; path = index8.jpeg; sourceTree = "<group>"; };
		CF1AFB131E55A203003B1399 /* index9.jpeg */ = {isa = PBXFileReference; lastKnownFileType = image.jpeg; path = index9.jpeg; sourceTree = "<group>"; };
		CF3B8B521E54268D00FCB22B /* 弹幕.app */ = {isa = PBXFileReference; explicitFileType = wrapper.application; includeInIndex = 0; path = "弹幕.app"; sourceTree = BUILT_PRODUCTS_DIR; };
		CF3B8B561E54268D00FCB22B /* main.m */ = {isa = PBXFileReference; lastKnownFileType = sourcecode.c.objc; path = main.m; sourceTree = "<group>"; };
		CF3B8B581E54268D00FCB22B /* AppDelegate.h */ = {isa = PBXFileReference; lastKnownFileType = sourcecode.c.h; path = AppDelegate.h; sourceTree = "<group>"; };
		CF3B8B591E54268D00FCB22B /* AppDelegate.m */ = {isa = PBXFileReference; lastKnownFileType = sourcecode.c.objc; path = AppDelegate.m; sourceTree = "<group>"; };
		CF3B8B5B1E54268D00FCB22B /* ViewController.h */ = {isa = PBXFileReference; lastKnownFileType = sourcecode.c.h; path = ViewController.h; sourceTree = "<group>"; };
		CF3B8B5C1E54268D00FCB22B /* ViewController.m */ = {isa = PBXFileReference; lastKnownFileType = sourcecode.c.objc; path = ViewController.m; sourceTree = "<group>"; };
		CF3B8B5F1E54268E00FCB22B /* Base */ = {isa = PBXFileReference; lastKnownFileType = file.storyboard; name = Base; path = Base.lproj/Main.storyboard; sourceTree = "<group>"; };
		CF3B8B611E54268E00FCB22B /* Assets.xcassets */ = {isa = PBXFileReference; lastKnownFileType = folder.assetcatalog; path = Assets.xcassets; sourceTree = "<group>"; };
		CF3B8B641E54268E00FCB22B /* Base */ = {isa = PBXFileReference; lastKnownFileType = file.storyboard; name = Base; path = Base.lproj/LaunchScreen.storyboard; sourceTree = "<group>"; };
		CF3B8B661E54268E00FCB22B /* Info.plist */ = {isa = PBXFileReference; lastKnownFileType = text.plist.xml; path = Info.plist; sourceTree = "<group>"; };
		CF3B8B6C1E542B0B00FCB22B /* BulletView.h */ = {isa = PBXFileReference; fileEncoding = 4; lastKnownFileType = sourcecode.c.h; path = BulletView.h; sourceTree = "<group>"; };
		CF3B8B6D1E542B0B00FCB22B /* BulletView.m */ = {isa = PBXFileReference; fileEncoding = 4; lastKnownFileType = sourcecode.c.objc; path = BulletView.m; sourceTree = "<group>"; };
		CF3B8B6F1E542B3300FCB22B /* BulletManager.h */ = {isa = PBXFileReference; fileEncoding = 4; lastKnownFileType = sourcecode.c.h; path = BulletManager.h; sourceTree = "<group>"; };
		CF3B8B701E542B3300FCB22B /* BulletManager.m */ = {isa = PBXFileReference; fileEncoding = 4; lastKnownFileType = sourcecode.c.objc; path = BulletManager.m; sourceTree = "<group>"; };
/* End PBXFileReference section */

/* Begin PBXFrameworksBuildPhase section */
		CF3B8B4F1E54268D00FCB22B /* Frameworks */ = {
			isa = PBXFrameworksBuildPhase;
			buildActionMask = 2147483647;
			files = (
			);
			runOnlyForDeploymentPostprocessing = 0;
		};
/* End PBXFrameworksBuildPhase section */

/* Begin PBXGroup section */
		CF1AFB071E55A203003B1399 /* 头像 */ = {
			isa = PBXGroup;
			children = (
				CF1AFB081E55A203003B1399 /* index.jpeg */,
				CF1AFB091E55A203003B1399 /* index1.jpeg */,
				CF1AFB0A1E55A203003B1399 /* index10.jpeg */,
				CF1AFB0B1E55A203003B1399 /* index11.jpeg */,
				CF1AFB0C1E55A203003B1399 /* index2.jpeg */,
				CF1AFB0D1E55A203003B1399 /* index3.jpeg */,
				CF1AFB0E1E55A203003B1399 /* index4.jpeg */,
				CF1AFB0F1E55A203003B1399 /* index5.jpeg */,
				CF1AFB101E55A203003B1399 /* index6.jpeg */,
				CF1AFB111E55A203003B1399 /* index7.jpeg */,
				CF1AFB121E55A203003B1399 /* index8.jpeg */,
				CF1AFB131E55A203003B1399 /* index9.jpeg */,
			);
			path = "头像";
			sourceTree = "<group>";
		};
		CF3B8B491E54268D00FCB22B = {
			isa = PBXGroup;
			children = (
				CF3B8B541E54268D00FCB22B /* 弹幕 */,
				CF3B8B531E54268D00FCB22B /* Products */,
			);
			sourceTree = "<group>";
		};
		CF3B8B531E54268D00FCB22B /* Products */ = {
			isa = PBXGroup;
			children = (
				CF3B8B521E54268D00FCB22B /* 弹幕.app */,
			);
			name = Products;
			sourceTree = "<group>";
		};
		CF3B8B541E54268D00FCB22B /* 弹幕 */ = {
			isa = PBXGroup;
			children = (
				CF3B8B581E54268D00FCB22B /* AppDelegate.h */,
				CF3B8B591E54268D00FCB22B /* AppDelegate.m */,
				CF3B8B5B1E54268D00FCB22B /* ViewController.h */,
				CF3B8B5C1E54268D00FCB22B /* ViewController.m */,
				CF3B8B6C1E542B0B00FCB22B /* BulletView.h */,
				CF3B8B6D1E542B0B00FCB22B /* BulletView.m */,
				CF3B8B6F1E542B3300FCB22B /* BulletManager.h */,
				CF3B8B701E542B3300FCB22B /* BulletManager.m */,
				CF1AFB071E55A203003B1399 /* 头像 */,
				CF3B8B5E1E54268E00FCB22B /* Main.storyboard */,
				CF3B8B611E54268E00FCB22B /* Assets.xcassets */,
				CF3B8B631E54268E00FCB22B /* LaunchScreen.storyboard */,
				CF3B8B661E54268E00FCB22B /* Info.plist */,
				CF3B8B551E54268D00FCB22B /* Supporting Files */,
			);
			path = "弹幕";
			sourceTree = "<group>";
		};
		CF3B8B551E54268D00FCB22B /* Supporting Files */ = {
			isa = PBXGroup;
			children = (
				CF3B8B561E54268D00FCB22B /* main.m */,
			);
			name = "Supporting Files";
			sourceTree = "<group>";
		};
/* End PBXGroup section */

/* Begin PBXNativeTarget section */
		CF3B8B511E54268D00FCB22B /* 弹幕 */ = {
			isa = PBXNativeTarget;
			buildConfigurationList = CF3B8B691E54268E00FCB22B /* Build configuration list for PBXNativeTarget "弹幕" */;
			buildPhases = (
				CF3B8B4E1E54268D00FCB22B /* Sources */,
				CF3B8B4F1E54268D00FCB22B /* Frameworks */,
				CF3B8B501E54268D00FCB22B /* Resources */,
			);
			buildRules = (
			);
			dependencies = (
			);
			name = "弹幕";
			productName = "弹幕";
			productReference = CF3B8B521E54268D00FCB22B /* 弹幕.app */;
			productType = "com.apple.product-type.application";
		};
/* End PBXNativeTarget section */

/* Begin PBXProject section */
		CF3B8B4A1E54268D00FCB22B /* Project object */ = {
			isa = PBXProject;
			attributes = {
				LastUpgradeCheck = 0820;
				ORGANIZATIONNAME = sunroam;
				TargetAttributes = {
					CF3B8B511E54268D00FCB22B = {
						CreatedOnToolsVersion = 8.2.1;
						DevelopmentTeam = FUHGEJ75VA;
						ProvisioningStyle = Automatic;
					};
				};
			};
			buildConfigurationList = CF3B8B4D1E54268D00FCB22B /* Build configuration list for PBXProject "弹幕" */;
			compatibilityVersion = "Xcode 3.2";
			developmentRegion = English;
			hasScannedForEncodings = 0;
			knownRegions = (
				en,
				Base,
			);
			mainGroup = CF3B8B491E54268D00FCB22B;
			productRefGroup = CF3B8B531E54268D00FCB22B /* Products */;
			projectDirPath = "";
			projectRoot = "";
			targets = (
				CF3B8B511E54268D00FCB22B /* 弹幕 */,
			);
		};
/* End PBXProject section */

/* Begin PBXResourcesBuildPhase section */
		CF3B8B501E54268D00FCB22B /* Resources */ = {
			isa = PBXResourcesBuildPhase;
			buildActionMask = 2147483647;
			files = (
				CF3B8B651E54268E00FCB22B /* LaunchScreen.storyboard in Resources */,
				CF1AFB1A1E55A203003B1399 /* index4.jpeg in Resources */,
				CF1AFB181E55A203003B1399 /* index2.jpeg in Resources */,
				CF3B8B621E54268E00FCB22B /* Assets.xcassets in Resources */,
				CF1AFB151E55A203003B1399 /* index1.jpeg in Resources */,
				CF1AFB1C1E55A203003B1399 /* index6.jpeg in Resources */,
				CF1AFB141E55A203003B1399 /* index.jpeg in Resources */,
				CF1AFB1D1E55A203003B1399 /* index7.jpeg in Resources */,
				CF1AFB191E55A203003B1399 /* index3.jpeg in Resources */,
				CF3B8B601E54268E00FCB22B /* Main.storyboard in Resources */,
				CF1AFB1B1E55A203003B1399 /* index5.jpeg in Resources */,
				CF1AFB1F1E55A203003B1399 /* index9.jpeg in Resources */,
				CF1AFB171E55A203003B1399 /* index11.jpeg in Resources */,
				CF1AFB161E55A203003B1399 /* index10.jpeg in Resources */,
				CF1AFB1E1E55A203003B1399 /* index8.jpeg in Resources */,
			);
			runOnlyForDeploymentPostprocessing = 0;
		};
/* End PBXResourcesBuildPhase section */

/* Begin PBXSourcesBuildPhase section */
		CF3B8B4E1E54268D00FCB22B /* Sources */ = {
			isa = PBXSourcesBuildPhase;
			buildActionMask = 2147483647;
			files = (
				CF3B8B5D1E54268D00FCB22B /* ViewController.m in Sources */,
				CF3B8B5A1E54268D00FCB22B /* AppDelegate.m in Sources */,
				CF3B8B6E1E542B0B00FCB22B /* BulletView.m in Sources */,
				CF3B8B571E54268D00FCB22B /* main.m in Sources */,
				CF3B8B711E542B3300FCB22B /* BulletManager.m in Sources */,
			);
			runOnlyForDeploymentPostprocessing = 0;
		};
/* End PBXSourcesBuildPhase section */

/* Begin PBXVariantGroup section */
		CF3B8B5E1E54268E00FCB22B /* Main.storyboard */ = {
			isa = PBXVariantGroup;
			children = (
				CF3B8B5F1E54268E00FCB22B /* Base */,
			);
			name = Main.storyboard;
			sourceTree = "<group>";
		};
		CF3B8B631E54268E00FCB22B /* LaunchScreen.storyboard */ = {
			isa = PBXVariantGroup;
			children = (
				CF3B8B641E54268E00FCB22B /* Base */,
			);
			name = LaunchScreen.storyboard;
			sourceTree = "<group>";
		};
/* End PBXVariantGroup section */

/* Begin XCBuildConfiguration section */
		CF3B8B671E54268E00FCB22B /* Debug */ = {
			isa = XCBuildConfiguration;
			buildSettings = {
				ALWAYS_SEARCH_USER_PATHS = NO;
				CLANG_ANALYZER_NONNULL = YES;
				CLANG_CXX_LANGUAGE_STANDARD = "gnu++0x";
				CLANG_CXX_LIBRARY = "libc++";
				CLANG_ENABLE_MODULES = YES;
				CLANG_ENABLE_OBJC_ARC = YES;
				CLANG_WARN_BOOL_CONVERSION = YES;
				CLANG_WARN_CONSTANT_CONVERSION = YES;
				CLANG_WARN_DIRECT_OBJC_ISA_USAGE = YES_ERROR;
				CLANG_WARN_DOCUMENTATION_COMMENTS = YES;
				CLANG_WARN_EMPTY_BODY = YES;
				CLANG_WARN_ENUM_CONVERSION = YES;
				CLANG_WARN_INFINITE_RECURSION = YES;
				CLANG_WARN_INT_CONVERSION = YES;
				CLANG_WARN_OBJC_ROOT_CLASS = YES_ERROR;
				CLANG_WARN_SUSPICIOUS_MOVE = YES;
				CLANG_WARN_UNREACHABLE_CODE = YES;
				CLANG_WARN__DUPLICATE_METHOD_MATCH = YES;
				"CODE_SIGN_IDENTITY[sdk=iphoneos*]" = "iPhone Developer";
				COPY_PHASE_STRIP = NO;
				DEBUG_INFORMATION_FORMAT = dwarf;
				ENABLE_STRICT_OBJC_MSGSEND = YES;
				ENABLE_TESTABILITY = YES;
				GCC_C_LANGUAGE_STANDARD = gnu99;
				GCC_DYNAMIC_NO_PIC = NO;
				GCC_NO_COMMON_BLOCKS = YES;
				GCC_OPTIMIZATION_LEVEL = 0;
				GCC_PREPROCESSOR_DEFINITIONS = (
					"DEBUG=1",
					"$(inherited)",
				);
				GCC_WARN_64_TO_32_BIT_CONVERSION = YES;
				GCC_WARN_ABOUT_RETURN_TYPE = YES_ERROR;
				GCC_WARN_UNDECLARED_SELECTOR = YES;
				GCC_WARN_UNINITIALIZED_AUTOS = YES_AGGRESSIVE;
				GCC_WARN_UNUSED_FUNCTION = YES;
				GCC_WARN_UNUSED_VARIABLE = YES;
				IPHONEOS_DEPLOYMENT_TARGET = 10.2;
				MTL_ENABLE_DEBUG_INFO = YES;
				ONLY_ACTIVE_ARCH = YES;
				SDKROOT = iphoneos;
				TARGETED_DEVICE_FAMILY = "1,2";
			};
			name = Debug;
		};
		CF3B8B681E54268E00FCB22B /* Release */ = {
			isa = XCBuildConfiguration;
			buildSettings = {
				ALWAYS_SEARCH_USER_PATHS = NO;
				CLANG_ANALYZER_NONNULL = YES;
				CLANG_CXX_LANGUAGE_STANDARD = "gnu++0x";
				CLANG_CXX_LIBRARY = "libc++";
				CLANG_ENABLE_MODULES = YES;
				CLANG_ENABLE_OBJC_ARC = YES;
				CLANG_WARN_BOOL_CONVERSION = YES;
				CLANG_WARN_CONSTANT_CONVERSION = YES;
				CLANG_WARN_DIRECT_OBJC_ISA_USAGE = YES_ERROR;
				CLANG_WARN_DOCUMENTATION_COMMENTS = YES;
				CLANG_WARN_EMPTY_BODY = YES;
				CLANG_WARN_ENUM_CONVERSION = YES;
				CLANG_WARN_INFINITE_RECURSION = YES;
				CLANG_WARN_INT_CONVERSION = YES;
				CLANG_WARN_OBJC_ROOT_CLASS = YES_ERROR;
				CLANG_WARN_SUSPICIOUS_MOVE = YES;
				CLANG_WARN_UNREACHABLE_CODE = YES;
				CLANG_WARN__DUPLICATE_METHOD_MATCH = YES;
				"CODE_SIGN_IDENTITY[sdk=iphoneos*]" = "iPhone Developer";
				COPY_PHASE_STRIP = NO;
				DEBUG_INFORMATION_FORMAT = "dwarf-with-dsym";
				ENABLE_NS_ASSERTIONS = NO;
				ENABLE_STRICT_OBJC_MSGSEND = YES;
				GCC_C_LANGUAGE_STANDARD = gnu99;
				GCC_NO_COMMON_BLOCKS = YES;
				GCC_WARN_64_TO_32_BIT_CONVERSION = YES;
				GCC_WARN_ABOUT_RETURN_TYPE = YES_ERROR;
				GCC_WARN_UNDECLARED_SELECTOR = YES;
				GCC_WARN_UNINITIALIZED_AUTOS = YES_AGGRESSIVE;
				GCC_WARN_UNUSED_FUNCTION = YES;
				GCC_WARN_UNUSED_VARIABLE = YES;
				IPHONEOS_DEPLOYMENT_TARGET = 10.2;
				MTL_ENABLE_DEBUG_INFO = NO;
				SDKROOT = iphoneos;
				TARGETED_DEVICE_FAMILY = "1,2";
				VALIDATE_PRODUCT = YES;
			};
			name = Release;
		};
		CF3B8B6A1E54268E00FCB22B /* Debug */ = {
			isa = XCBuildConfiguration;
			buildSettings = {
				ASSETCATALOG_COMPILER_APPICON_NAME = AppIcon;
				DEVELOPMENT_TEAM = FUHGEJ75VA;
				INFOPLIST_FILE = "弹幕/Info.plist";
				LD_RUNPATH_SEARCH_PATHS = "$(inherited) @executable_path/Frameworks";
				PRODUCT_BUNDLE_IDENTIFIER = "com.sunroam.--";
				PRODUCT_NAME = "$(TARGET_NAME)";
			};
			name = Debug;
		};
		CF3B8B6B1E54268E00FCB22B /* Release */ = {
			isa = XCBuildConfiguration;
			buildSettings = {
				ASSETCATALOG_COMPILER_APPICON_NAME = AppIcon;
				DEVELOPMENT_TEAM = FUHGEJ75VA;
				INFOPLIST_FILE = "弹幕/Info.plist";
				LD_RUNPATH_SEARCH_PATHS = "$(inherited) @executable_path/Frameworks";
				PRODUCT_BUNDLE_IDENTIFIER = "com.sunroam.--";
				PRODUCT_NAME = "$(TARGET_NAME)";
			};
			name = Release;
		};
/* End XCBuildConfiguration section */

/* Begin XCConfigurationList section */
		CF3B8B4D1E54268D00FCB22B /* Build configuration list for PBXProject "弹幕" */ = {
			isa = XCConfigurationList;
			buildConfigurations = (
				CF3B8B671E54268E00FCB22B /* Debug */,
				CF3B8B681E54268E00FCB22B /* Release */,
			);
			defaultConfigurationIsVisible = 0;
			defaultConfigurationName = Release;
		};
		CF3B8B691E54268E00FCB22B /* Build configuration list for PBXNativeTarget "弹幕" */ = {
			isa = XCConfigurationList;
			buildConfigurations = (
				CF3B8B6A1E54268E00FCB22B /* Debug */,
				CF3B8B6B1E54268E00FCB22B /* Release */,
			);
			defaultConfigurationIsVisible = 0;
			defaultConfigurationName = Release;
		};
/* End XCConfigurationList section */
	};
	rootObject = CF3B8B4A1E54268D00FCB22B /* Project object */;
}
